{
	"requires": true,
	"lockfileVersion": 1,
	"dependencies": {
		"@pika/react": {
			"version": "16.13.1",
			"resolved": "https://registry.npmjs.org/@pika/react/-/react-16.13.1.tgz",
			"integrity": "sha512-v33Ub2QxntNpDFRnkj3tCbT6jMb7Etu7LOMQO/YAulLRIDtDvJdMwuOVJDdPYUmDtWjfWOB5xSP7nl7k0BApbQ=="
		},
		"@pika/react-dom": {
			"version": "16.13.1",
			"resolved": "https://registry.npmjs.org/@pika/react-dom/-/react-dom-16.13.1.tgz",
			"integrity": "sha512-tCROpA6uP7caCNodaOUcqmauQmpVOmFXsaaKUJgLOMiZdlW+L02ItK3WAqGSOw25rM0bbwDXNC/x9PpfiQ9ESg=="
		},
		"@types/prop-types": {
			"version": "15.7.3",
			"resolved": "https://registry.npmjs.org/@types/prop-types/-/prop-types-15.7.3.tgz",
			"integrity": "sha512-KfRL3PuHmqQLOG+2tGpRO26Ctg+Cq1E01D2DMriKEATHgWLfeNDmq9e29Q9WIky0dQ3NPkd1mzYH8Lm936Z9qw==",
			"dev": true
		},
		"@types/react": {
			"version": "16.9.41",
			"resolved": "https://registry.npmjs.org/@types/react/-/react-16.9.41.tgz",
			"integrity": "sha512-6cFei7F7L4wwuM+IND/Q2cV1koQUvJ8iSV+Gwn0c3kvABZ691g7sp3hfEQHOUBJtccl1gPi+EyNjMIl9nGA0ug==",
			"dev": true,
			"requires": {
				"@types/prop-types": "*",
				"csstype": "^2.2.0"
			}
		},
		"@types/react-dom": {
			"version": "16.9.8",
			"resolved": "https://registry.npmjs.org/@types/react-dom/-/react-dom-16.9.8.tgz",
			"integrity": "sha512-ykkPQ+5nFknnlU6lDd947WbQ6TE3NNzbQAkInC2EKY1qeYdTKp7onFusmYZb+ityzx2YviqT6BXSu+LyWWJwcA==",
			"dev": true,
			"requires": {
				"@types/react": "*"
			}
		},
		"@zoltu/ethereum-abi-encoder": {
			"version": "5.0.1",
			"resolved": "https://registry.npmjs.org/@zoltu/ethereum-abi-encoder/-/ethereum-abi-encoder-5.0.1.tgz",
			"integrity": "sha512-vrlai0bww2GvlLXe2yL6uN9LjoYmUDFjhyjuNRLA/XxbBW+dHky3FXZ5kHD8FU7IMY6utIT4QwswiL1Mgieldg=="
		},
		"@zoltu/ethereum-crypto": {
			"version": "2.1.1",
			"resolved": "https://registry.npmjs.org/@zoltu/ethereum-crypto/-/ethereum-crypto-2.1.1.tgz",
			"integrity": "sha512-+Nt58vcVtp93UO3ZWt9PvUGMVKbJ4qRwWcFOmu+LkwvjSpBy6X51+sMiNkzgIaYGo/YpWWZ4hZCvluDSngOxHw=="
		},
		"@zoltu/ethereum-fetch-json-rpc": {
			"version": "13.0.0",
			"resolved": "https://registry.npmjs.org/@zoltu/ethereum-fetch-json-rpc/-/ethereum-fetch-json-rpc-13.0.0.tgz",
			"integrity": "sha512-u5HFL4Iljw42rzOibc485QskVhNXD4LRb6Lr0xUnerpPOc9s2hQcHXAwPMfRralVXyrMlgVOLjOuUoZE6EZztA==",
			"requires": {
				"@zoltu/ethereum-types": "9.0.0"
			}
		},
		"@zoltu/ethereum-types": {
			"version": "9.0.0",
			"resolved": "https://registry.npmjs.org/@zoltu/ethereum-types/-/ethereum-types-9.0.0.tgz",
			"integrity": "sha512-6dVFV5KfecaEoHNQzetBtYVFUQwdo7Am2k+3HTcTMwY0m5zcUxJSfZzjWdsEsy9xRII8uGg6JLq1KZYQ4mxnEg=="
		},
		"@zoltu/solidity-typescript-generator-browser-dependencies": {
			"version": "4.1.1",
			"resolved": "https://registry.npmjs.org/@zoltu/solidity-typescript-generator-browser-dependencies/-/solidity-typescript-generator-browser-dependencies-4.1.1.tgz",
			"integrity": "sha512-0kkpWfpWV8jrxqXoTGb5/JAcH0jo4u0GbXSHwWI5LYYqt4lb5qkVBK/UdUXEraFOnfBGG2A4P630C5YtB8szYQ==",
			"requires": {
				"@zoltu/ethereum-abi-encoder": "5.0.1",
				"@zoltu/ethereum-crypto": "2.1.1",
				"@zoltu/ethereum-types": "8.4.2"
			},
			"dependencies": {
				"@zoltu/ethereum-types": {
					"version": "8.4.2",
					"resolved": "https://registry.npmjs.org/@zoltu/ethereum-types/-/ethereum-types-8.4.2.tgz",
					"integrity": "sha512-mpKiiTuW/y5nJS03VJ3wXGlsjBynkpCot2Yo9gbdLtaHaEUwTIunbUFXxVS9Xk+LC0irs8F25X2X0QyPw3EVDw=="
				}
			}
		},
		"@zoltu/solidity-typescript-generator-fetch-dependencies": {
			"version": "5.0.1",
			"resolved": "https://registry.npmjs.org/@zoltu/solidity-typescript-generator-fetch-dependencies/-/solidity-typescript-generator-fetch-dependencies-5.0.1.tgz",
			"integrity": "sha512-JWG34MkO98OjPsK+M00T5Ql8O6eG0KqffL49R64Ull58ZMXUA/LL8IfBIXt+KOQ2UBJ3w1oOIWa78EKjmUSruQ==",
			"requires": {
				"@zoltu/ethereum-abi-encoder": "5.0.1",
				"@zoltu/ethereum-crypto": "2.1.1",
				"@zoltu/ethereum-fetch-json-rpc": "13.0.0"
			}
		},
		"@zoltu/typescript-transformer-append-js-extension": {
			"version": "1.0.1",
			"resolved": "https://registry.npmjs.org/@zoltu/typescript-transformer-append-js-extension/-/typescript-transformer-append-js-extension-1.0.1.tgz",
			"integrity": "sha512-7Lp30MtJO7YHZW19yJWhkuJrf+Y78COHopeZli7fiWrbIRvodsSXZIa7cFX/c4PFwFJt55N/7Pp/t6VH0fwBVQ==",
			"dev": true
		},
		"arg": {
			"version": "4.1.3",
			"resolved": "https://registry.npmjs.org/arg/-/arg-4.1.3.tgz",
			"integrity": "sha512-58S9QDqG0Xx27YwPSt9fJxivjYl432YCwfDMfZ+71RAqUrZef7LrKQZ3LHLOwCS4FLNBplP533Zx895SeOCHvA==",
			"dev": true
		},
		"buffer-from": {
			"version": "1.1.1",
			"resolved": "https://registry.npmjs.org/buffer-from/-/buffer-from-1.1.1.tgz",
			"integrity": "sha512-MQcXEUbCKtEo7bhqEs6560Hyd4XaovZlO/k9V3hjVUF/zwW7KBVdSK4gIt/bzwS9MbR5qob+F5jusZsb0YQK2A==",
			"dev": true
		},
		"csstype": {
			"version": "2.6.10",
			"resolved": "https://registry.npmjs.org/csstype/-/csstype-2.6.10.tgz",
			"integrity": "sha512-D34BqZU4cIlMCY93rZHbrq9pjTAQJ3U8S8rfBqjwHxkGPThWFjzZDQpgMJY0QViLxth6ZKYiwFBo14RdN44U/w==",
			"dev": true
		},
		"diff": {
			"version": "4.0.2",
			"resolved": "https://registry.npmjs.org/diff/-/diff-4.0.2.tgz",
			"integrity": "sha512-58lmxKSA4BNyLz+HHMUzlOEpg09FV+ev6ZMe3vJihgdxzgcwZ8VoEEPmALCZG9LmqfVoNMMKpttIYTVG6uDY7A==",
			"dev": true
		},
		"es-module-shims": {
			"version": "0.4.7",
			"resolved": "https://registry.npmjs.org/es-module-shims/-/es-module-shims-0.4.7.tgz",
			"integrity": "sha512-0LTiSQoPWwdcaTVIQXhGlaDwTneD0g9/tnH1PNs3zHFFH+xoCeJclDM3rQeqF9nurXPfMKm3l9+kfPRa5VpbKg=="
		},
		"js-tokens": {
			"version": "4.0.0",
			"resolved": "https://registry.npmjs.org/js-tokens/-/js-tokens-4.0.0.tgz",
			"integrity": "sha512-RdJUflcE3cUzKiMqQgsCu06FPu9UdIJO0beYbPhHN4k6apgJtifcoCtT9bcxOpYBtpD2kCM6Sbzg4CausW/PKQ=="
		},
		"loose-envify": {
			"version": "1.4.0",
			"resolved": "https://registry.npmjs.org/loose-envify/-/loose-envify-1.4.0.tgz",
			"integrity": "sha512-lyuxPGr/Wfhrlem2CL/UcnUc1zcqKAImBDzukY7Y5F/yQiNdko6+fRLevlw1HgMySw7f611UIY408EtxRSoK3Q==",
			"requires": {
				"js-tokens": "^3.0.0 || ^4.0.0"
			}
		},
		"make-error": {
			"version": "1.3.6",
			"resolved": "https://registry.npmjs.org/make-error/-/make-error-1.3.6.tgz",
			"integrity": "sha512-s8UhlNe7vPKomQhC1qFelMokr/Sc3AgNbso3n74mVPA5LTZwkB9NlXf4XPamLxJE8h0gh73rM94xvwRT2CVInw==",
			"dev": true
		},
		"object-assign": {
			"version": "4.1.1",
			"resolved": "https://registry.npmjs.org/object-assign/-/object-assign-4.1.1.tgz",
			"integrity": "sha1-IQmtx5ZYh8/AXLvUQsrIv7s2CGM="
		},
		"path-parse": {
			"version": "1.0.7",
			"resolved": "https://registry.npmjs.org/path-parse/-/path-parse-1.0.7.tgz",
			"integrity": "sha512-LDJzPVEEEPR+y48z93A0Ed0yXb8pAByGWo/k5YYdYgpY2/2EsOsksJrq7lOHxryrVOn1ejG6oAp8ahvOIQD8sw==",
			"dev": true
		},
		"prop-types": {
			"version": "15.7.2",
			"resolved": "https://registry.npmjs.org/prop-types/-/prop-types-15.7.2.tgz",
			"integrity": "sha512-8QQikdH7//R2vurIJSutZ1smHYTcLpRWEOlHnzcWHmBYrOGUysKwSsrC89BCiFj3CbrfJ/nXFdJepOVrY1GCHQ==",
			"requires": {
				"loose-envify": "^1.4.0",
				"object-assign": "^4.1.1",
				"react-is": "^16.8.1"
			}
		},
		"react": {
			"version": "16.13.1",
			"resolved": "https://registry.npmjs.org/react/-/react-16.13.1.tgz",
			"integrity": "sha512-YMZQQq32xHLX0bz5Mnibv1/LHb3Sqzngu7xstSM+vrkE5Kzr9xE0yMByK5kMoTK30YVJE61WfbxIFFvfeDKT1w==",
			"requires": {
				"loose-envify": "^1.1.0",
				"object-assign": "^4.1.1",
				"prop-types": "^15.6.2"
			}
		},
		"react-dom": {
			"version": "16.13.1",
			"resolved": "https://registry.npmjs.org/react-dom/-/react-dom-16.13.1.tgz",
			"integrity": "sha512-81PIMmVLnCNLO/fFOQxdQkvEq/+Hfpv24XNJfpyZhTRfO0QcmQIF/PgCa1zCOj2w1hrn12MFLyaJ/G0+Mxtfag==",
			"requires": {
				"loose-envify": "^1.1.0",
				"object-assign": "^4.1.1",
				"prop-types": "^15.6.2",
				"scheduler": "^0.19.1"
			}
		},
		"react-is": {
			"version": "16.13.1",
			"resolved": "https://registry.npmjs.org/react-is/-/react-is-16.13.1.tgz",
			"integrity": "sha512-24e6ynE2H+OKt4kqsOvNd8kBpV65zoxbA4BVsEOB3ARVWQki/DHzaUoC5KuON/BiccDaCCTZBuOcfZs70kR8bQ=="
		},
		"resolve": {
			"version": "1.17.0",
			"resolved": "https://registry.npmjs.org/resolve/-/resolve-1.17.0.tgz",
			"integrity": "sha512-ic+7JYiV8Vi2yzQGFWOkiZD5Z9z7O2Zhm9XMaTxdJExKasieFCr+yXZ/WmXsckHiKl12ar0y6XiXDx3m4RHn1w==",
			"dev": true,
			"requires": {
				"path-parse": "^1.0.6"
			}
		},
		"scheduler": {
			"version": "0.19.1",
			"resolved": "https://registry.npmjs.org/scheduler/-/scheduler-0.19.1.tgz",
			"integrity": "sha512-n/zwRWRYSUj0/3g/otKDRPMh6qv2SYMWNq85IEa8iZyAv8od9zDYpGSnpBEjNgcMNq6Scbu5KfIPxNF72R/2EA==",
			"requires": {
				"loose-envify": "^1.1.0",
				"object-assign": "^4.1.1"
			}
		},
		"source-map": {
			"version": "0.6.1",
			"resolved": "https://registry.npmjs.org/source-map/-/source-map-0.6.1.tgz",
			"integrity": "sha512-UjgapumWlbMhkBgzT7Ykc5YXUT46F0iKu8SGXq0bcwP5dz/h0Plj6enJqjz1Zbq2l5WaqYnrVbwWOWMyF3F47g==",
			"dev": true
		},
		"source-map-support": {
			"version": "0.5.19",
			"resolved": "https://registry.npmjs.org/source-map-support/-/source-map-support-0.5.19.tgz",
			"integrity": "sha512-Wonm7zOCIJzBGQdB+thsPar0kYuCIzYvxZwlBa87yi/Mdjv7Tip2cyVbLj5o0cFPN4EVkuTwb3GDDyUx2DGnGw==",
			"dev": true,
			"requires": {
				"buffer-from": "^1.0.0",
				"source-map": "^0.6.0"
			}
		},
		"ts-node": {
			"version": "8.10.2",
			"resolved": "https://registry.npmjs.org/ts-node/-/ts-node-8.10.2.tgz",
			"integrity": "sha512-ISJJGgkIpDdBhWVu3jufsWpK3Rzo7bdiIXJjQc0ynKxVOVcg2oIrf2H2cejminGrptVc6q6/uynAHNCuWGbpVA==",
			"dev": true,
			"requires": {
				"arg": "^4.1.0",
				"diff": "^4.0.1",
				"make-error": "^1.1.1",
				"source-map-support": "^0.5.17",
				"yn": "3.1.1"
			}
		},
		"ttypescript": {
			"version": "1.5.10",
			"resolved": "https://registry.npmjs.org/ttypescript/-/ttypescript-1.5.10.tgz",
			"integrity": "sha512-Hk7TRej1hM+p+Fo+Pyb/XK9pe9CAt3Sh5n5YRutxFS8hUgkh2u1Vd2K40kMcNP3WYhiVFBMqXwM/2E8O95Ep6g==",
			"dev": true,
			"requires": {
				"resolve": "^1.9.0"
			}
		},
		"typescript": {
			"version": "3.9.5",
			"resolved": "https://registry.npmjs.org/typescript/-/typescript-3.9.5.tgz",
			"integrity": "sha512-hSAifV3k+i6lEoCJ2k6R2Z/rp/H3+8sdmcn5NrS3/3kE7+RyZXm9aqvxWqjEXHAd8b0pShatpcdMTvEdvAJltQ==",
			"dev": true
		},
		"yn": {
			"version": "3.1.1",
			"resolved": "https://registry.npmjs.org/yn/-/yn-3.1.1.tgz",
			"integrity": "sha512-Ux4ygGWsu2c7isFWe8Yu1YluJmqVhxqK2cLXNQA5AcC3QfbGNpM7fu0Y8b/z16pXLnFxZYvWhd3fhBY9DLmC6Q==",
			"dev": true
		}
	}
}
